
Microsoft Visual Studio Solution File, Format Version 12.00
# Visual Studio Version 17
VisualStudioVersion = 17.3.32929.385
MinimumVisualStudioVersion = 10.0.40219.1
Project("{FAE04EC0-301F-11D3-BF4B-00C04F79EFBC}") = "Instagram", "Instagram\Instagram.csproj", "{D4A958ED-B769-4E2B-81EA-8EFB7372AAA1}"
EndProject
Global
	GlobalSection(SolutionConfigurationPlatforms) = preSolution
		Debug|Any CPU = Debug|Any CPU
		Release|Any CPU = Release|Any CPU
	EndGlobalSection
	GlobalSection(ProjectConfigurationPlatforms) = postSolution
		{D4A958ED-B769-4E2B-81EA-8EFB7372AAA1}.Debug|Any CPU.ActiveCfg = Debug|Any CPU
		{D4A958ED-B769-4E2B-81EA-8EFB7372AAA1}.Debug|Any CPU.Build.0 = Debug|Any CPU
		{D4A958ED-B769-4E2B-81EA-8EFB7372AAA1}.Release|Any CPU.ActiveCfg = Release|Any CPU
		{D4A958ED-B769-4E2B-81EA-8EFB7372AAA1}.Release|Any CPU.Build.0 = Release|Any CPU
	EndGlobalSection
	GlobalSection(SolutionProperties) = preSolution
		HideSolutionNode = FALSE
	EndGlobalSection
	GlobalSection(ExtensibilityGlobals) = postSolution
		SolutionGuid = {3B713EB1-CF1B-48BC-84A9-C7D12D2D8859}
	EndGlobalSection
EndGlobal
